// !$*UTF8*$!
{
	archiveVersion = 1;
	classes = {
	};
	objectVersion = 48;
	objects = {

/* Begin PBXBuildFile section */
		C515DE7B2040B3F60086449A /* testPLC.cpp in Sources */ = {isa = PBXBuildFile; fileRef = C515DE792040B3F50086449A /* testPLC.cpp */; };
		C515DE7E2040DD580086449A /* plc.cpp in Sources */ = {isa = PBXBuildFile; fileRef = C515DE7C2040DD580086449A /* plc.cpp */; };
		C515DE812040E2910086449A /* tag.cpp in Sources */ = {isa = PBXBuildFile; fileRef = C515DE7F2040E2910086449A /* tag.cpp */; };
		C5A4B6C8204086F30094E809 /* libplctag.dylib in Frameworks */ = {isa = PBXBuildFile; fileRef = C5A4B6C7204086F30094E809 /* libplctag.dylib */; };
		C5A4B6CA204087070094E809 /* libpthread.tbd in Frameworks */ = {isa = PBXBuildFile; fileRef = C5A4B6C9204087070094E809 /* libpthread.tbd */; };
		C5A4B6D820408A1D0094E809 /* libpthread.tbd in Frameworks */ = {isa = PBXBuildFile; fileRef = C5A4B6C9204087070094E809 /* libpthread.tbd */; };
		C5A4B6D920408A2A0094E809 /* libplctag.dylib in Frameworks */ = {isa = PBXBuildFile; fileRef = C5A4B6C7204086F30094E809 /* libplctag.dylib */; };
/* End PBXBuildFile section */

/* Begin PBXCopyFilesBuildPhase section */
		C5A4B6CE204089EF0094E809 /* CopyFiles */ = {
			isa = PBXCopyFilesBuildPhase;
			buildActionMask = 2147483647;
			dstPath = /usr/share/man/man1/;
			dstSubfolderSpec = 0;
			files = (
			);
			runOnlyForDeploymentPostprocessing = 1;
		};
		C5AF5A3F204074D10034BFA9 /* CopyFiles */ = {
			isa = PBXCopyFilesBuildPhase;
			buildActionMask = 2147483647;
			dstPath = /usr/share/man/man1/;
			dstSubfolderSpec = 0;
			files = (
			);
			runOnlyForDeploymentPostprocessing = 1;
		};
/* End PBXCopyFilesBuildPhase section */

/* Begin PBXFileReference section */
		C515DE792040B3F50086449A /* testPLC.cpp */ = {isa = PBXFileReference; fileEncoding = 4; lastKnownFileType = sourcecode.cpp.cpp; path = testPLC.cpp; sourceTree = "<group>"; };
		C515DE7A2040B3F50086449A /* testPLC.hpp */ = {isa = PBXFileReference; fileEncoding = 4; lastKnownFileType = sourcecode.cpp.h; path = testPLC.hpp; sourceTree = "<group>"; };
		C515DE7C2040DD580086449A /* plc.cpp */ = {isa = PBXFileReference; lastKnownFileType = sourcecode.cpp.cpp; path = plc.cpp; sourceTree = "<group>"; };
		C515DE7D2040DD580086449A /* plc.hpp */ = {isa = PBXFileReference; lastKnownFileType = sourcecode.cpp.h; path = plc.hpp; sourceTree = "<group>"; };
		C515DE7F2040E2910086449A /* tag.cpp */ = {isa = PBXFileReference; lastKnownFileType = sourcecode.cpp.cpp; path = tag.cpp; sourceTree = "<group>"; usesTabs = 1; };
		C515DE802040E2910086449A /* tag.hpp */ = {isa = PBXFileReference; lastKnownFileType = sourcecode.cpp.h; path = tag.hpp; sourceTree = "<group>"; usesTabs = 1; };
		C5615F9D20407643003C3CCE /* README.md */ = {isa = PBXFileReference; fileEncoding = 4; lastKnownFileType = net.daringfireball.markdown; path = README.md; sourceTree = "<group>"; };
		C5615FA720407643003C3CCE /* bootstrap.sh */ = {isa = PBXFileReference; fileEncoding = 4; lastKnownFileType = text.script.sh; path = bootstrap.sh; sourceTree = "<group>"; };
		C5615FAA20407643003C3CCE /* Vagrantfile */ = {isa = PBXFileReference; fileEncoding = 4; lastKnownFileType = text; path = Vagrantfile; sourceTree = "<group>"; };
		C5615FAC20407643003C3CCE /* Makefile */ = {isa = PBXFileReference; fileEncoding = 4; lastKnownFileType = sourcecode.make; path = Makefile; sourceTree = "<group>"; };
		C5A4B6C6204086540094E809 /* utils.h */ = {isa = PBXFileReference; fileEncoding = 4; lastKnownFileType = sourcecode.c.h; path = utils.h; sourceTree = "<group>"; };
		C5A4B6C7204086F30094E809 /* libplctag.dylib */ = {isa = PBXFileReference; lastKnownFileType = "compiled.mach-o.dylib"; name = libplctag.dylib; path = ../../../../usr/local/lib/libplctag.dylib; sourceTree = "<group>"; };
		C5A4B6C9204087070094E809 /* libpthread.tbd */ = {isa = PBXFileReference; lastKnownFileType = "sourcecode.text-based-dylib-definition"; name = libpthread.tbd; path = usr/lib/libpthread.tbd; sourceTree = SDKROOT; };
		C5A4B6D0204089EF0094E809 /* awsiotmicro800 */ = {isa = PBXFileReference; explicitFileType = "compiled.mach-o.executable"; includeInIndex = 0; path = awsiotmicro800; sourceTree = BUILT_PRODUCTS_DIR; };
		C5AF5A41204074D20034BFA9 /* awsiot */ = {isa = PBXFileReference; explicitFileType = "compiled.mach-o.executable"; includeInIndex = 0; path = awsiot; sourceTree = BUILT_PRODUCTS_DIR; };
/* End PBXFileReference section */

/* Begin PBXFrameworksBuildPhase section */
		C5A4B6CD204089EF0094E809 /* Frameworks */ = {
			isa = PBXFrameworksBuildPhase;
			buildActionMask = 2147483647;
			files = (
				C5A4B6D920408A2A0094E809 /* libplctag.dylib in Frameworks */,
				C5A4B6D820408A1D0094E809 /* libpthread.tbd in Frameworks */,
			);
			runOnlyForDeploymentPostprocessing = 0;
		};
		C5AF5A3E204074D10034BFA9 /* Frameworks */ = {
			isa = PBXFrameworksBuildPhase;
			buildActionMask = 2147483647;
			files = (
				C5A4B6CA204087070094E809 /* libpthread.tbd in Frameworks */,
				C5A4B6C8204086F30094E809 /* libplctag.dylib in Frameworks */,
			);
			runOnlyForDeploymentPostprocessing = 0;
		};
/* End PBXFrameworksBuildPhase section */

/* Begin PBXGroup section */
		C5615F9E20407643003C3CCE /* include */ = {
			isa = PBXGroup;
			children = (
			);
			path = include;
			sourceTree = "<group>";
		};
		C5615F9F20407643003C3CCE /* src */ = {
			isa = PBXGroup;
			children = (
				C515DE792040B3F50086449A /* testPLC.cpp */,
				C515DE7A2040B3F50086449A /* testPLC.hpp */,
				C5A4B6C6204086540094E809 /* utils.h */,
				C515DE7C2040DD580086449A /* plc.cpp */,
				C515DE7D2040DD580086449A /* plc.hpp */,
				C515DE7F2040E2910086449A /* tag.cpp */,
				C515DE802040E2910086449A /* tag.hpp */,
			);
			path = src;
			sourceTree = "<group>";
		};
		C5615FA820407643003C3CCE /* doc */ = {
			isa = PBXGroup;
			children = (
			);
			path = doc;
			sourceTree = "<group>";
		};
		C5615FA920407643003C3CCE /* test */ = {
			isa = PBXGroup;
			children = (
			);
			path = test;
			sourceTree = "<group>";
		};
		C5615FAB20407643003C3CCE /* lib */ = {
			isa = PBXGroup;
			children = (
			);
			path = lib;
			sourceTree = "<group>";
		};
		C5615FB020407737003C3CCE /* Frameworks */ = {
			isa = PBXGroup;
			children = (
				C5A4B6C9204087070094E809 /* libpthread.tbd */,
				C5A4B6C7204086F30094E809 /* libplctag.dylib */,
			);
			name = Frameworks;
			sourceTree = "<group>";
		};
		C5AF5A38204074D10034BFA9 = {
			isa = PBXGroup;
			children = (
				C5615FA720407643003C3CCE /* bootstrap.sh */,
				C5615FA820407643003C3CCE /* doc */,
				C5615F9E20407643003C3CCE /* include */,
				C5615FAB20407643003C3CCE /* lib */,
				C5615FAC20407643003C3CCE /* Makefile */,
				C5615F9D20407643003C3CCE /* README.md */,
				C5615F9F20407643003C3CCE /* src */,
				C5615FA920407643003C3CCE /* test */,
				C5615FAA20407643003C3CCE /* Vagrantfile */,
				C5AF5A42204074D20034BFA9 /* Products */,
				C5615FB020407737003C3CCE /* Frameworks */,
			);
			sourceTree = "<group>";
		};
		C5AF5A42204074D20034BFA9 /* Products */ = {
			isa = PBXGroup;
			children = (
				C5AF5A41204074D20034BFA9 /* awsiot */,
				C5A4B6D0204089EF0094E809 /* awsiotmicro800 */,
			);
			name = Products;
			sourceTree = "<group>";
		};
/* End PBXGroup section */

/* Begin PBXNativeTarget section */
		C5A4B6CF204089EF0094E809 /* awsiotmicro800 */ = {
			isa = PBXNativeTarget;
			buildConfigurationList = C5A4B6D4204089EF0094E809 /* Build configuration list for PBXNativeTarget "awsiotmicro800" */;
			buildPhases = (
				C5A4B6CC204089EF0094E809 /* Sources */,
				C5A4B6CD204089EF0094E809 /* Frameworks */,
				C5A4B6CE204089EF0094E809 /* CopyFiles */,
			);
			buildRules = (
			);
			dependencies = (
			);
			name = awsiotmicro800;
			productName = awsiotmicro800;
			productReference = C5A4B6D0204089EF0094E809 /* awsiotmicro800 */;
			productType = "com.apple.product-type.tool";
		};
		C5AF5A40204074D10034BFA9 /* awsiot */ = {
			isa = PBXNativeTarget;
			buildConfigurationList = C5AF5A48204074D20034BFA9 /* Build configuration list for PBXNativeTarget "awsiot" */;
			buildPhases = (
				C5AF5A3D204074D10034BFA9 /* Sources */,
				C5AF5A3E204074D10034BFA9 /* Frameworks */,
				C5AF5A3F204074D10034BFA9 /* CopyFiles */,
			);
			buildRules = (
			);
			dependencies = (
			);
			name = awsiot;
			productName = awsiot;
			productReference = C5AF5A41204074D20034BFA9 /* awsiot */;
			productType = "com.apple.product-type.tool";
		};
/* End PBXNativeTarget section */

/* Begin PBXProject section */
		C5AF5A39204074D10034BFA9 /* Project object */ = {
			isa = PBXProject;
			attributes = {
				LastUpgradeCheck = 0920;
				ORGANIZATIONNAME = "Henry Pump";
				TargetAttributes = {
					C5A4B6CF204089EF0094E809 = {
						CreatedOnToolsVersion = 9.2;
						ProvisioningStyle = Automatic;
					};
					C5AF5A40204074D10034BFA9 = {
						CreatedOnToolsVersion = 9.2;
						ProvisioningStyle = Automatic;
					};
				};
			};
			buildConfigurationList = C5AF5A3C204074D10034BFA9 /* Build configuration list for PBXProject "awsiot" */;
			compatibilityVersion = "Xcode 8.0";
			developmentRegion = en;
			hasScannedForEncodings = 0;
			knownRegions = (
				en,
			);
			mainGroup = C5AF5A38204074D10034BFA9;
			productRefGroup = C5AF5A42204074D20034BFA9 /* Products */;
			projectDirPath = "";
			projectRoot = "";
			targets = (
				C5AF5A40204074D10034BFA9 /* awsiot */,
				C5A4B6CF204089EF0094E809 /* awsiotmicro800 */,
			);
		};
/* End PBXProject section */

/* Begin PBXSourcesBuildPhase section */
		C5A4B6CC204089EF0094E809 /* Sources */ = {
			isa = PBXSourcesBuildPhase;
			buildActionMask = 2147483647;
			files = (
			);
			runOnlyForDeploymentPostprocessing = 0;
		};
		C5AF5A3D204074D10034BFA9 /* Sources */ = {
			isa = PBXSourcesBuildPhase;
			buildActionMask = 2147483647;
			files = (
				C515DE812040E2910086449A /* tag.cpp in Sources */,
				C515DE7B2040B3F60086449A /* testPLC.cpp in Sources */,
				C515DE7E2040DD580086449A /* plc.cpp in Sources */,
			);
			runOnlyForDeploymentPostprocessing = 0;
		};
/* End PBXSourcesBuildPhase section */

/* Begin XCBuildConfiguration section */
		C5A4B6D5204089EF0094E809 /* Debug */ = {
			isa = XCBuildConfiguration;
			buildSettings = {
				ALWAYS_SEARCH_USER_PATHS = NO;
				CODE_SIGN_STYLE = Automatic;
				DEVELOPMENT_TEAM = JNP6SX52H9;
				PRODUCT_NAME = "$(TARGET_NAME)";
			};
			name = Debug;
		};
		C5A4B6D6204089EF0094E809 /* Release */ = {
			isa = XCBuildConfiguration;
			buildSettings = {
				ALWAYS_SEARCH_USER_PATHS = NO;
				CODE_SIGN_STYLE = Automatic;
				DEVELOPMENT_TEAM = JNP6SX52H9;
				PRODUCT_NAME = "$(TARGET_NAME)";
			};
			name = Release;
		};
		C5AF5A46204074D20034BFA9 /* Debug */ = {
			isa = XCBuildConfiguration;
			buildSettings = {
				ALWAYS_SEARCH_USER_PATHS = YES;
				CLANG_ANALYZER_NONNULL = YES;
				CLANG_ANALYZER_NUMBER_OBJECT_CONVERSION = YES_AGGRESSIVE;
				CLANG_CXX_LANGUAGE_STANDARD = "gnu++14";
				CLANG_CXX_LIBRARY = "libc++";
				CLANG_ENABLE_MODULES = YES;
				CLANG_ENABLE_OBJC_ARC = YES;
				CLANG_WARN_BLOCK_CAPTURE_AUTORELEASING = YES;
				CLANG_WARN_BOOL_CONVERSION = YES;
				CLANG_WARN_COMMA = YES;
				CLANG_WARN_CONSTANT_CONVERSION = YES;
				CLANG_WARN_DIRECT_OBJC_ISA_USAGE = YES_ERROR;
				CLANG_WARN_DOCUMENTATION_COMMENTS = YES;
				CLANG_WARN_EMPTY_BODY = YES;
				CLANG_WARN_ENUM_CONVERSION = YES;
				CLANG_WARN_INFINITE_RECURSION = YES;
				CLANG_WARN_INT_CONVERSION = YES;
				CLANG_WARN_NON_LITERAL_NULL_CONVERSION = YES;
				CLANG_WARN_OBJC_LITERAL_CONVERSION = YES;
				CLANG_WARN_OBJC_ROOT_CLASS = YES_ERROR;
				CLANG_WARN_RANGE_LOOP_ANALYSIS = YES;
				CLANG_WARN_STRICT_PROTOTYPES = YES;
				CLANG_WARN_SUSPICIOUS_MOVE = YES;
				CLANG_WARN_UNGUARDED_AVAILABILITY = YES_AGGRESSIVE;
				CLANG_WARN_UNREACHABLE_CODE = YES;
				CLANG_WARN__DUPLICATE_METHOD_MATCH = YES;
				CODE_SIGN_IDENTITY = "Mac Developer";
				COPY_PHASE_STRIP = NO;
				DEBUG_INFORMATION_FORMAT = dwarf;
				ENABLE_STRICT_OBJC_MSGSEND = YES;
				ENABLE_TESTABILITY = YES;
				GCC_C_LANGUAGE_STANDARD = gnu11;
				GCC_DYNAMIC_NO_PIC = NO;
				GCC_NO_COMMON_BLOCKS = YES;
				GCC_OPTIMIZATION_LEVEL = 0;
				GCC_PREPROCESSOR_DEFINITIONS = (
					"DEBUG=1",
					"$(inherited)",
				);
				GCC_WARN_64_TO_32_BIT_CONVERSION = YES;
				GCC_WARN_ABOUT_RETURN_TYPE = YES_ERROR;
				GCC_WARN_UNDECLARED_SELECTOR = YES;
				GCC_WARN_UNINITIALIZED_AUTOS = YES_AGGRESSIVE;
				GCC_WARN_UNUSED_FUNCTION = YES;
				GCC_WARN_UNUSED_VARIABLE = YES;
				HEADER_SEARCH_PATHS = /usr/local/include;
				LIBRARY_SEARCH_PATHS = /usr/local/lib;
				MACOSX_DEPLOYMENT_TARGET = 10.13;
				MTL_ENABLE_DEBUG_INFO = YES;
				ONLY_ACTIVE_ARCH = YES;
				SDKROOT = macosx;
			};
			name = Debug;
		};
		C5AF5A47204074D20034BFA9 /* Release */ = {
			isa = XCBuildConfiguration;
			buildSettings = {
				ALWAYS_SEARCH_USER_PATHS = YES;
				CLANG_ANALYZER_NONNULL = YES;
				CLANG_ANALYZER_NUMBER_OBJECT_CONVERSION = YES_AGGRESSIVE;
				CLANG_CXX_LANGUAGE_STANDARD = "gnu++14";
				CLANG_CXX_LIBRARY = "libc++";
				CLANG_ENABLE_MODULES = YES;
				CLANG_ENABLE_OBJC_ARC = YES;
				CLANG_WARN_BLOCK_CAPTURE_AUTORELEASING = YES;
				CLANG_WARN_BOOL_CONVERSION = YES;
				CLANG_WARN_COMMA = YES;
				CLANG_WARN_CONSTANT_CONVERSION = YES;
				CLANG_WARN_DIRECT_OBJC_ISA_USAGE = YES_ERROR;
				CLANG_WARN_DOCUMENTATION_COMMENTS = YES;
				CLANG_WARN_EMPTY_BODY = YES;
				CLANG_WARN_ENUM_CONVERSION = YES;
				CLANG_WARN_INFINITE_RECURSION = YES;
				CLANG_WARN_INT_CONVERSION = YES;
				CLANG_WARN_NON_LITERAL_NULL_CONVERSION = YES;
				CLANG_WARN_OBJC_LITERAL_CONVERSION = YES;
				CLANG_WARN_OBJC_ROOT_CLASS = YES_ERROR;
				CLANG_WARN_RANGE_LOOP_ANALYSIS = YES;
				CLANG_WARN_STRICT_PROTOTYPES = YES;
				CLANG_WARN_SUSPICIOUS_MOVE = YES;
				CLANG_WARN_UNGUARDED_AVAILABILITY = YES_AGGRESSIVE;
				CLANG_WARN_UNREACHABLE_CODE = YES;
				CLANG_WARN__DUPLICATE_METHOD_MATCH = YES;
				CODE_SIGN_IDENTITY = "Mac Developer";
				COPY_PHASE_STRIP = NO;
				DEBUG_INFORMATION_FORMAT = "dwarf-with-dsym";
				ENABLE_NS_ASSERTIONS = NO;
				ENABLE_STRICT_OBJC_MSGSEND = YES;
				GCC_C_LANGUAGE_STANDARD = gnu11;
				GCC_NO_COMMON_BLOCKS = YES;
				GCC_WARN_64_TO_32_BIT_CONVERSION = YES;
				GCC_WARN_ABOUT_RETURN_TYPE = YES_ERROR;
				GCC_WARN_UNDECLARED_SELECTOR = YES;
				GCC_WARN_UNINITIALIZED_AUTOS = YES_AGGRESSIVE;
				GCC_WARN_UNUSED_FUNCTION = YES;
				GCC_WARN_UNUSED_VARIABLE = YES;
				HEADER_SEARCH_PATHS = /usr/local/include;
				LIBRARY_SEARCH_PATHS = /usr/local/lib;
				MACOSX_DEPLOYMENT_TARGET = 10.13;
				MTL_ENABLE_DEBUG_INFO = NO;
				SDKROOT = macosx;
			};
			name = Release;
		};
		C5AF5A49204074D20034BFA9 /* Debug */ = {
			isa = XCBuildConfiguration;
			buildSettings = {
				ALWAYS_SEARCH_USER_PATHS = NO;
				CODE_SIGN_STYLE = Automatic;
				DEVELOPMENT_TEAM = JNP6SX52H9;
				HEADER_SEARCH_PATHS = /usr/local/include;
				LIBRARY_SEARCH_PATHS = /usr/local/lib;
				PRODUCT_NAME = "$(TARGET_NAME)";
			};
			name = Debug;
		};
		C5AF5A4A204074D20034BFA9 /* Release */ = {
			isa = XCBuildConfiguration;
			buildSettings = {
				ALWAYS_SEARCH_USER_PATHS = NO;
				CODE_SIGN_STYLE = Automatic;
				DEVELOPMENT_TEAM = JNP6SX52H9;
				HEADER_SEARCH_PATHS = /usr/local/include;
				LIBRARY_SEARCH_PATHS = /usr/local/lib;
				PRODUCT_NAME = "$(TARGET_NAME)";
			};
			name = Release;
		};
/* End XCBuildConfiguration section */

/* Begin XCConfigurationList section */
		C5A4B6D4204089EF0094E809 /* Build configuration list for PBXNativeTarget "awsiotmicro800" */ = {
			isa = XCConfigurationList;
			buildConfigurations = (
				C5A4B6D5204089EF0094E809 /* Debug */,
				C5A4B6D6204089EF0094E809 /* Release */,
			);
			defaultConfigurationIsVisible = 0;
			defaultConfigurationName = Release;
		};
		C5AF5A3C204074D10034BFA9 /* Build configuration list for PBXProject "awsiot" */ = {
			isa = XCConfigurationList;
			buildConfigurations = (
				C5AF5A46204074D20034BFA9 /* Debug */,
				C5AF5A47204074D20034BFA9 /* Release */,
			);
			defaultConfigurationIsVisible = 0;
			defaultConfigurationName = Release;
		};
		C5AF5A48204074D20034BFA9 /* Build configuration list for PBXNativeTarget "awsiot" */ = {
			isa = XCConfigurationList;
			buildConfigurations = (
				C5AF5A49204074D20034BFA9 /* Debug */,
				C5AF5A4A204074D20034BFA9 /* Release */,
			);
			defaultConfigurationIsVisible = 0;
			defaultConfigurationName = Release;
		};
/* End XCConfigurationList section */
	};
	rootObject = C5AF5A39204074D10034BFA9 /* Project object */;
}
